
Microsoft Visual Studio Solution File, Format Version 12.00
# Visual Studio Version 17
VisualStudioVersion = 17.3.32929.385
MinimumVisualStudioVersion = 10.0.40219.1
Project("{FAE04EC0-301F-11D3-BF4B-00C04F79EFBC}") = "SQL Statement Generator GUI Application", "SQL Statement Generator GUI Application.csproj", "{36AE5511-BBA0-4486-8DA3-D0E3C6EF6334}"
EndProject
Global
	GlobalSection(SolutionConfigurationPlatforms) = preSolution
		Debug|Any CPU = Debug|Any CPU
		Release|Any CPU = Release|Any CPU
	EndGlobalSection
	GlobalSection(ProjectConfigurationPlatforms) = postSolution
		{36AE5511-BBA0-4486-8DA3-D0E3C6EF6334}.Debug|Any CPU.ActiveCfg = Debug|Any CPU
		{36AE5511-BBA0-4486-8DA3-D0E3C6EF6334}.Debug|Any CPU.Build.0 = Debug|Any CPU
		{36AE5511-BBA0-4486-8DA3-D0E3C6EF6334}.Release|Any CPU.ActiveCfg = Release|Any CPU
		{36AE5511-BBA0-4486-8DA3-D0E3C6EF6334}.Release|Any CPU.Build.0 = Release|Any CPU
	EndGlobalSection
	GlobalSection(SolutionProperties) = preSolution
		HideSolutionNode = FALSE
	EndGlobalSection
	GlobalSection(ExtensibilityGlobals) = postSolution
		SolutionGuid = {DADE6420-AAD2-4158-9FE2-C3F1EF1AAACF}
	EndGlobalSection
EndGlobal
